
Microsoft Visual Studio Solution File, Format Version 12.00
# Visual Studio Version 17
VisualStudioVersion = 17.3.32922.545
MinimumVisualStudioVersion = 10.0.40219.1
Project("{FAE04EC0-301F-11D3-BF4B-00C04F79EFBC}") = "Payroll Management", "Payroll Management.csproj", "{7C7EFCCA-D5E5-4A4B-BD77-D98F004C3955}"
EndProject
Project("{54435603-DBB4-11D2-8724-00A0C9A8B90C}") = "Payroll System", "..\Payroll System\Payroll System.vdproj", "{BBF19FD0-A432-44FD-9ABE-697B127D56C4}"
EndProject
Global
	GlobalSection(SolutionConfigurationPlatforms) = preSolution
		Debug|Any CPU = Debug|Any CPU
		Release|Any CPU = Release|Any CPU
	EndGlobalSection
	GlobalSection(ProjectConfigurationPlatforms) = postSolution
		{7C7EFCCA-D5E5-4A4B-BD77-D98F004C3955}.Debug|Any CPU.ActiveCfg = Debug|Any CPU
		{7C7EFCCA-D5E5-4A4B-BD77-D98F004C3955}.Debug|Any CPU.Build.0 = Debug|Any CPU
		{7C7EFCCA-D5E5-4A4B-BD77-D98F004C3955}.Release|Any CPU.ActiveCfg = Release|Any CPU
		{7C7EFCCA-D5E5-4A4B-BD77-D98F004C3955}.Release|Any CPU.Build.0 = Release|Any CPU
		{BBF19FD0-A432-44FD-9ABE-697B127D56C4}.Debug|Any CPU.ActiveCfg = Debug
		{BBF19FD0-A432-44FD-9ABE-697B127D56C4}.Release|Any CPU.ActiveCfg = Release
	EndGlobalSection
	GlobalSection(SolutionProperties) = preSolution
		HideSolutionNode = FALSE
	EndGlobalSection
	GlobalSection(ExtensibilityGlobals) = postSolution
		SolutionGuid = {33AE1FAD-F224-4CE5-82A2-594D0E12CFE0}
	EndGlobalSection
EndGlobal
